// !$*UTF8*$!
{
	archiveVersion = 1;
	classes = {
	};
	objectVersion = 46;
	objects = {

/* Begin PBXBuildFile section */
		4B4AC6661D3399250048A0D6 /* PaymentFont.h in Headers */ = {isa = PBXBuildFile; fileRef = 4B4AC6651D3399250048A0D6 /* PaymentFont.h */; settings = {ATTRIBUTES = (Public, ); }; };
		4B4AC66D1D3399260048A0D6 /* PaymentFont.framework in Frameworks */ = {isa = PBXBuildFile; fileRef = 4B4AC6621D3399250048A0D6 /* PaymentFont.framework */; };
		4B4AC6721D3399260048A0D6 /* PaymentFontTests.swift in Sources */ = {isa = PBXBuildFile; fileRef = 4B4AC6711D3399260048A0D6 /* PaymentFontTests.swift */; };
		4B4AC67D1D3399420048A0D6 /* PaymentFont.swift in Sources */ = {isa = PBXBuildFile; fileRef = 4B4AC67C1D3399420048A0D6 /* PaymentFont.swift */; };
		4B4AC67F1D33995A0048A0D6 /* paymentfont-webfont.ttf in Resources */ = {isa = PBXBuildFile; fileRef = 4B4AC67E1D33995A0048A0D6 /* paymentfont-webfont.ttf */; };
/* End PBXBuildFile section */

/* Begin PBXContainerItemProxy section */
		4B4AC66E1D3399260048A0D6 /* PBXContainerItemProxy */ = {
			isa = PBXContainerItemProxy;
			containerPortal = 4B4AC6591D3399250048A0D6 /* Project object */;
			proxyType = 1;
			remoteGlobalIDString = 4B4AC6611D3399250048A0D6;
			remoteInfo = PaymentFont;
		};
		4B4AC6A21D33A8F80048A0D6 /* PBXContainerItemProxy */ = {
			isa = PBXContainerItemProxy;
			containerPortal = 4B4AC69E1D33A8F80048A0D6 /* PaymentFontExample.xcodeproj */;
			proxyType = 2;
			remoteGlobalIDString = 4B4AC6891D33A8C70048A0D6;
			remoteInfo = PaymentFontExample;
		};
/* End PBXContainerItemProxy section */

/* Begin PBXFileReference section */
		4B4AC6621D3399250048A0D6 /* PaymentFont.framework */ = {isa = PBXFileReference; explicitFileType = wrapper.framework; includeInIndex = 0; path = PaymentFont.framework; sourceTree = BUILT_PRODUCTS_DIR; };
		4B4AC6651D3399250048A0D6 /* PaymentFont.h */ = {isa = PBXFileReference; lastKnownFileType = sourcecode.c.h; path = PaymentFont.h; sourceTree = "<group>"; };
		4B4AC6671D3399250048A0D6 /* Info.plist */ = {isa = PBXFileReference; lastKnownFileType = text.plist.xml; path = Info.plist; sourceTree = "<group>"; };
		4B4AC66C1D3399260048A0D6 /* PaymentFontTests.xctest */ = {isa = PBXFileReference; explicitFileType = wrapper.cfbundle; includeInIndex = 0; path = PaymentFontTests.xctest; sourceTree = BUILT_PRODUCTS_DIR; };
		4B4AC6711D3399260048A0D6 /* PaymentFontTests.swift */ = {isa = PBXFileReference; lastKnownFileType = sourcecode.swift; path = PaymentFontTests.swift; sourceTree = "<group>"; };
		4B4AC6731D3399260048A0D6 /* Info.plist */ = {isa = PBXFileReference; lastKnownFileType = text.plist.xml; path = Info.plist; sourceTree = "<group>"; };
		4B4AC67C1D3399420048A0D6 /* PaymentFont.swift */ = {isa = PBXFileReference; fileEncoding = 4; lastKnownFileType = sourcecode.swift; path = PaymentFont.swift; sourceTree = "<group>"; };
		4B4AC67E1D33995A0048A0D6 /* paymentfont-webfont.ttf */ = {isa = PBXFileReference; lastKnownFileType = file; path = "paymentfont-webfont.ttf"; sourceTree = "<group>"; };
		4B4AC69E1D33A8F80048A0D6 /* PaymentFontExample.xcodeproj */ = {isa = PBXFileReference; lastKnownFileType = "wrapper.pb-project"; name = PaymentFontExample.xcodeproj; path = ../PaymentFontExample/PaymentFontExample.xcodeproj; sourceTree = "<group>"; };
/* End PBXFileReference section */

/* Begin PBXFrameworksBuildPhase section */
		4B4AC65E1D3399250048A0D6 /* Frameworks */ = {
			isa = PBXFrameworksBuildPhase;
			buildActionMask = 2147483647;
			files = (
			);
			runOnlyForDeploymentPostprocessing = 0;
		};
		4B4AC6691D3399260048A0D6 /* Frameworks */ = {
			isa = PBXFrameworksBuildPhase;
			buildActionMask = 2147483647;
			files = (
				4B4AC66D1D3399260048A0D6 /* PaymentFont.framework in Frameworks */,
			);
			runOnlyForDeploymentPostprocessing = 0;
		};
/* End PBXFrameworksBuildPhase section */

/* Begin PBXGroup section */
		4B4AC6581D3399250048A0D6 = {
			isa = PBXGroup;
			children = (
				4B4AC69E1D33A8F80048A0D6 /* PaymentFontExample.xcodeproj */,
				4B4AC6641D3399250048A0D6 /* PaymentFont */,
				4B4AC6701D3399260048A0D6 /* PaymentFontTests */,
				4B4AC6631D3399250048A0D6 /* Products */,
			);
			sourceTree = "<group>";
		};
		4B4AC6631D3399250048A0D6 /* Products */ = {
			isa = PBXGroup;
			children = (
				4B4AC6621D3399250048A0D6 /* PaymentFont.framework */,
				4B4AC66C1D3399260048A0D6 /* PaymentFontTests.xctest */,
			);
			name = Products;
			sourceTree = "<group>";
		};
		4B4AC6641D3399250048A0D6 /* PaymentFont */ = {
			isa = PBXGroup;
			children = (
				4B4AC6651D3399250048A0D6 /* PaymentFont.h */,
				4B4AC67C1D3399420048A0D6 /* PaymentFont.swift */,
				4B4AC67E1D33995A0048A0D6 /* paymentfont-webfont.ttf */,
				4B4AC6671D3399250048A0D6 /* Info.plist */,
			);
			path = PaymentFont;
			sourceTree = "<group>";
		};
		4B4AC6701D3399260048A0D6 /* PaymentFontTests */ = {
			isa = PBXGroup;
			children = (
				4B4AC6711D3399260048A0D6 /* PaymentFontTests.swift */,
				4B4AC6731D3399260048A0D6 /* Info.plist */,
			);
			path = PaymentFontTests;
			sourceTree = "<group>";
		};
		4B4AC69F1D33A8F80048A0D6 /* Products */ = {
			isa = PBXGroup;
			children = (
				4B4AC6A31D33A8F80048A0D6 /* PaymentFontExample.app */,
			);
			name = Products;
			sourceTree = "<group>";
		};
/* End PBXGroup section */

/* Begin PBXHeadersBuildPhase section */
		4B4AC65F1D3399250048A0D6 /* Headers */ = {
			isa = PBXHeadersBuildPhase;
			buildActionMask = 2147483647;
			files = (
				4B4AC6661D3399250048A0D6 /* PaymentFont.h in Headers */,
			);
			runOnlyForDeploymentPostprocessing = 0;
		};
/* End PBXHeadersBuildPhase section */

/* Begin PBXNativeTarget section */
		4B4AC6611D3399250048A0D6 /* PaymentFont */ = {
			isa = PBXNativeTarget;
			buildConfigurationList = 4B4AC6761D3399260048A0D6 /* Build configuration list for PBXNativeTarget "PaymentFont" */;
			buildPhases = (
				4B4AC65D1D3399250048A0D6 /* Sources */,
				4B4AC65E1D3399250048A0D6 /* Frameworks */,
				4B4AC65F1D3399250048A0D6 /* Headers */,
				4B4AC6601D3399250048A0D6 /* Resources */,
			);
			buildRules = (
			);
			dependencies = (
			);
			name = PaymentFont;
			productName = PaymentFont;
			productReference = 4B4AC6621D3399250048A0D6 /* PaymentFont.framework */;
			productType = "com.apple.product-type.framework";
		};
		4B4AC66B1D3399260048A0D6 /* PaymentFontTests */ = {
			isa = PBXNativeTarget;
			buildConfigurationList = 4B4AC6791D3399260048A0D6 /* Build configuration list for PBXNativeTarget "PaymentFontTests" */;
			buildPhases = (
				4B4AC6681D3399260048A0D6 /* Sources */,
				4B4AC6691D3399260048A0D6 /* Frameworks */,
				4B4AC66A1D3399260048A0D6 /* Resources */,
			);
			buildRules = (
			);
			dependencies = (
				4B4AC66F1D3399260048A0D6 /* PBXTargetDependency */,
			);
			name = PaymentFontTests;
			productName = PaymentFontTests;
			productReference = 4B4AC66C1D3399260048A0D6 /* PaymentFontTests.xctest */;
			productType = "com.apple.product-type.bundle.unit-test";
		};
/* End PBXNativeTarget section */

/* Begin PBXProject section */
		4B4AC6591D3399250048A0D6 /* Project object */ = {
			isa = PBXProject;
			attributes = {
				LastSwiftUpdateCheck = 0730;
				LastUpgradeCheck = 0730;
				ORGANIZATIONNAME = "Grigory Avdyushin";
				TargetAttributes = {
					4B4AC6611D3399250048A0D6 = {
						CreatedOnToolsVersion = 7.3.1;
					};
					4B4AC66B1D3399260048A0D6 = {
						CreatedOnToolsVersion = 7.3.1;
					};
				};
			};
			buildConfigurationList = 4B4AC65C1D3399250048A0D6 /* Build configuration list for PBXProject "PaymentFont" */;
			compatibilityVersion = "Xcode 3.2";
			developmentRegion = English;
			hasScannedForEncodings = 0;
			knownRegions = (
				en,
			);
			mainGroup = 4B4AC6581D3399250048A0D6;
			productRefGroup = 4B4AC6631D3399250048A0D6 /* Products */;
			projectDirPath = "";
			projectReferences = (
				{
					ProductGroup = 4B4AC69F1D33A8F80048A0D6 /* Products */;
					ProjectRef = 4B4AC69E1D33A8F80048A0D6 /* PaymentFontExample.xcodeproj */;
				},
			);
			projectRoot = "";
			targets = (
				4B4AC6611D3399250048A0D6 /* PaymentFont */,
				4B4AC66B1D3399260048A0D6 /* PaymentFontTests */,
			);
		};
/* End PBXProject section */

/* Begin PBXReferenceProxy section */
		4B4AC6A31D33A8F80048A0D6 /* PaymentFontExample.app */ = {
			isa = PBXReferenceProxy;
			fileType = wrapper.application;
			path = PaymentFontExample.app;
			remoteRef = 4B4AC6A21D33A8F80048A0D6 /* PBXContainerItemProxy */;
			sourceTree = BUILT_PRODUCTS_DIR;
		};
/* End PBXReferenceProxy section */

/* Begin PBXResourcesBuildPhase section */
		4B4AC6601D3399250048A0D6 /* Resources */ = {
			isa = PBXResourcesBuildPhase;
			buildActionMask = 2147483647;
			files = (
				4B4AC67F1D33995A0048A0D6 /* paymentfont-webfont.ttf in Resources */,
			);
			runOnlyForDeploymentPostprocessing = 0;
		};
		4B4AC66A1D3399260048A0D6 /* Resources */ = {
			isa = PBXResourcesBuildPhase;
			buildActionMask = 2147483647;
			files = (
			);
			runOnlyForDeploymentPostprocessing = 0;
		};
/* End PBXResourcesBuildPhase section */

/* Begin PBXSourcesBuildPhase section */
		4B4AC65D1D3399250048A0D6 /* Sources */ = {
			isa = PBXSourcesBuildPhase;
			buildActionMask = 2147483647;
			files = (
				4B4AC67D1D3399420048A0D6 /* PaymentFont.swift in Sources */,
			);
			runOnlyForDeploymentPostprocessing = 0;
		};
		4B4AC6681D3399260048A0D6 /* Sources */ = {
			isa = PBXSourcesBuildPhase;
			buildActionMask = 2147483647;
			files = (
				4B4AC6721D3399260048A0D6 /* PaymentFontTests.swift in Sources */,
			);
			runOnlyForDeploymentPostprocessing = 0;
		};
/* End PBXSourcesBuildPhase section */

/* Begin PBXTargetDependency section */
		4B4AC66F1D3399260048A0D6 /* PBXTargetDependency */ = {
			isa = PBXTargetDependency;
			target = 4B4AC6611D3399250048A0D6 /* PaymentFont */;
			targetProxy = 4B4AC66E1D3399260048A0D6 /* PBXContainerItemProxy */;
		};
/* End PBXTargetDependency section */

/* Begin XCBuildConfiguration section */
		4B4AC6741D3399260048A0D6 /* Debug */ = {
			isa = XCBuildConfiguration;
			buildSettings = {
				ALWAYS_SEARCH_USER_PATHS = NO;
				CLANG_ANALYZER_NONNULL = YES;
				CLANG_CXX_LANGUAGE_STANDARD = "gnu++0x";
				CLANG_CXX_LIBRARY = "libc++";
				CLANG_ENABLE_MODULES = YES;
				CLANG_ENABLE_OBJC_ARC = YES;
				CLANG_WARN_BOOL_CONVERSION = YES;
				CLANG_WARN_CONSTANT_CONVERSION = YES;
				CLANG_WARN_DIRECT_OBJC_ISA_USAGE = YES_ERROR;
				CLANG_WARN_EMPTY_BODY = YES;
				CLANG_WARN_ENUM_CONVERSION = YES;
				CLANG_WARN_INT_CONVERSION = YES;
				CLANG_WARN_OBJC_ROOT_CLASS = YES_ERROR;
				CLANG_WARN_UNREACHABLE_CODE = YES;
				CLANG_WARN__DUPLICATE_METHOD_MATCH = YES;
				"CODE_SIGN_IDENTITY[sdk=iphoneos*]" = "iPhone Developer";
				COPY_PHASE_STRIP = NO;
				CURRENT_PROJECT_VERSION = 1;
				DEBUG_INFORMATION_FORMAT = dwarf;
				ENABLE_STRICT_OBJC_MSGSEND = YES;
				ENABLE_TESTABILITY = YES;
				GCC_C_LANGUAGE_STANDARD = gnu99;
				GCC_DYNAMIC_NO_PIC = NO;
				GCC_NO_COMMON_BLOCKS = YES;
				GCC_OPTIMIZATION_LEVEL = 0;
				GCC_PREPROCESSOR_DEFINITIONS = (
					"DEBUG=1",
					"$(inherited)",
				);
				GCC_WARN_64_TO_32_BIT_CONVERSION = YES;
				GCC_WARN_ABOUT_RETURN_TYPE = YES_ERROR;
				GCC_WARN_UNDECLARED_SELECTOR = YES;
				GCC_WARN_UNINITIALIZED_AUTOS = YES_AGGRESSIVE;
				GCC_WARN_UNUSED_FUNCTION = YES;
				GCC_WARN_UNUSED_VARIABLE = YES;
				IPHONEOS_DEPLOYMENT_TARGET = 9.3;
				MTL_ENABLE_DEBUG_INFO = YES;
				ONLY_ACTIVE_ARCH = YES;
				SDKROOT = iphoneos;
				SWIFT_OPTIMIZATION_LEVEL = "-Onone";
				TARGETED_DEVICE_FAMILY = "1,2";
				VERSIONING_SYSTEM = "apple-generic";
				VERSION_INFO_PREFIX = "";
			};
			name = Debug;
		};
		4B4AC6751D3399260048A0D6 /* Release */ = {
			isa = XCBuildConfiguration;
			buildSettings = {
				ALWAYS_SEARCH_USER_PATHS = NO;
				CLANG_ANALYZER_NONNULL = YES;
				CLANG_CXX_LANGUAGE_STANDARD = "gnu++0x";
				CLANG_CXX_LIBRARY = "libc++";
				CLANG_ENABLE_MODULES = YES;
				CLANG_ENABLE_OBJC_ARC = YES;
				CLANG_WARN_BOOL_CONVERSION = YES;
				CLANG_WARN_CONSTANT_CONVERSION = YES;
				CLANG_WARN_DIRECT_OBJC_ISA_USAGE = YES_ERROR;
				CLANG_WARN_EMPTY_BODY = YES;
				CLANG_WARN_ENUM_CONVERSION = YES;
				CLANG_WARN_INT_CONVERSION = YES;
				CLANG_WARN_OBJC_ROOT_CLASS = YES_ERROR;
				CLANG_WARN_UNREACHABLE_CODE = YES;
				CLANG_WARN__DUPLICATE_METHOD_MATCH = YES;
				"CODE_SIGN_IDENTITY[sdk=iphoneos*]" = "iPhone Developer";
				COPY_PHASE_STRIP = NO;
				CURRENT_PROJECT_VERSION = 1;
				DEBUG_INFORMATION_FORMAT = "dwarf-with-dsym";
				ENABLE_NS_ASSERTIONS = NO;
				ENABLE_STRICT_OBJC_MSGSEND = YES;
				GCC_C_LANGUAGE_STANDARD = gnu99;
				GCC_NO_COMMON_BLOCKS = YES;
				GCC_WARN_64_TO_32_BIT_CONVERSION = YES;
				GCC_WARN_ABOUT_RETURN_TYPE = YES_ERROR;
				GCC_WARN_UNDECLARED_SELECTOR = YES;
				GCC_WARN_UNINITIALIZED_AUTOS = YES_AGGRESSIVE;
				GCC_WARN_UNUSED_FUNCTION = YES;
				GCC_WARN_UNUSED_VARIABLE = YES;
				IPHONEOS_DEPLOYMENT_TARGET = 9.3;
				MTL_ENABLE_DEBUG_INFO = NO;
				SDKROOT = iphoneos;
				TARGETED_DEVICE_FAMILY = "1,2";
				VALIDATE_PRODUCT = YES;
				VERSIONING_SYSTEM = "apple-generic";
				VERSION_INFO_PREFIX = "";
			};
			name = Release;
		};
		4B4AC6771D3399260048A0D6 /* Debug */ = {
			isa = XCBuildConfiguration;
			buildSettings = {
				CLANG_ENABLE_MODULES = YES;
				DEFINES_MODULE = YES;
				DYLIB_COMPATIBILITY_VERSION = 1;
				DYLIB_CURRENT_VERSION = 1;
				DYLIB_INSTALL_NAME_BASE = "@rpath";
				INFOPLIST_FILE = PaymentFont/Info.plist;
				INSTALL_PATH = "$(LOCAL_LIBRARY_DIR)/Frameworks";
				IPHONEOS_DEPLOYMENT_TARGET = 8.0;
				LD_RUNPATH_SEARCH_PATHS = "$(inherited) @executable_path/Frameworks @loader_path/Frameworks";
				PRODUCT_BUNDLE_IDENTIFIER = ru.avdyushin.PaymentFont;
				PRODUCT_NAME = "$(TARGET_NAME)";
				SKIP_INSTALL = YES;
				SWIFT_OPTIMIZATION_LEVEL = "-Onone";
			};
			name = Debug;
		};
		4B4AC6781D3399260048A0D6 /* Release */ = {
			isa = XCBuildConfiguration;
			buildSettings = {
				CLANG_ENABLE_MODULES = YES;
				DEFINES_MODULE = YES;
				DYLIB_COMPATIBILITY_VERSION = 1;
				DYLIB_CURRENT_VERSION = 1;
				DYLIB_INSTALL_NAME_BASE = "@rpath";
				INFOPLIST_FILE = PaymentFont/Info.plist;
				INSTALL_PATH = "$(LOCAL_LIBRARY_DIR)/Frameworks";
				IPHONEOS_DEPLOYMENT_TARGET = 8.0;
				LD_RUNPATH_SEARCH_PATHS = "$(inherited) @executable_path/Frameworks @loader_path/Frameworks";
				PRODUCT_BUNDLE_IDENTIFIER = ru.avdyushin.PaymentFont;
				PRODUCT_NAME = "$(TARGET_NAME)";
				SKIP_INSTALL = YES;
			};
			name = Release;
		};
		4B4AC67A1D3399260048A0D6 /* Debug */ = {
			isa = XCBuildConfiguration;
			buildSettings = {
				INFOPLIST_FILE = PaymentFontTests/Info.plist;
				LD_RUNPATH_SEARCH_PATHS = "$(inherited) @executable_path/Frameworks @loader_path/Frameworks";
				PRODUCT_BUNDLE_IDENTIFIER = ru.avdyushin.PaymentFontTests;
				PRODUCT_NAME = "$(TARGET_NAME)";
			};
			name = Debug;
		};
		4B4AC67B1D3399260048A0D6 /* Release */ = {
			isa = XCBuildConfiguration;
			buildSettings = {
				INFOPLIST_FILE = PaymentFontTests/Info.plist;
				LD_RUNPATH_SEARCH_PATHS = "$(inherited) @executable_path/Frameworks @loader_path/Frameworks";
				PRODUCT_BUNDLE_IDENTIFIER = ru.avdyushin.PaymentFontTests;
				PRODUCT_NAME = "$(TARGET_NAME)";
			};
			name = Release;
		};
/* End XCBuildConfiguration section */

/* Begin XCConfigurationList section */
		4B4AC65C1D3399250048A0D6 /* Build configuration list for PBXProject "PaymentFont" */ = {
			isa = XCConfigurationList;
			buildConfigurations = (
				4B4AC6741D3399260048A0D6 /* Debug */,
				4B4AC6751D3399260048A0D6 /* Release */,
			);
			defaultConfigurationIsVisible = 0;
			defaultConfigurationName = Release;
		};
		4B4AC6761D3399260048A0D6 /* Build configuration list for PBXNativeTarget "PaymentFont" */ = {
			isa = XCConfigurationList;
			buildConfigurations = (
				4B4AC6771D3399260048A0D6 /* Debug */,
				4B4AC6781D3399260048A0D6 /* Release */,
			);
			defaultConfigurationIsVisible = 0;
			defaultConfigurationName = Release;
		};
		4B4AC6791D3399260048A0D6 /* Build configuration list for PBXNativeTarget "PaymentFontTests" */ = {
			isa = XCConfigurationList;
			buildConfigurations = (
				4B4AC67A1D3399260048A0D6 /* Debug */,
				4B4AC67B1D3399260048A0D6 /* Release */,
			);
			defaultConfigurationIsVisible = 0;
			defaultConfigurationName = Release;
		};
/* End XCConfigurationList section */
	};
	rootObject = 4B4AC6591D3399250048A0D6 /* Project object */;
}
